
Microsoft Visual Studio Solution File, Format Version 12.00
# Visual Studio Version 17
VisualStudioVersion = 17.3.32825.248
MinimumVisualStudioVersion = 10.0.40219.1
Project("{FAE04EC0-301F-11D3-BF4B-00C04F79EFBC}") = "AqT_Utl", "AqT_Utl.csproj", "{9AC11E7B-F840-4170-8656-B5FD438C4AF0}"
EndProject
Global
	GlobalSection(SolutionConfigurationPlatforms) = preSolution
		Debug|Any CPU = Debug|Any CPU
		Debug|x64 = Debug|x64
		Release|Any CPU = Release|Any CPU
		Release|x64 = Release|x64
	EndGlobalSection
	GlobalSection(ProjectConfigurationPlatforms) = postSolution
		{9AC11E7B-F840-4170-8656-B5FD438C4AF0}.Debug|Any CPU.ActiveCfg = Debug|Any CPU
		{9AC11E7B-F840-4170-8656-B5FD438C4AF0}.Debug|Any CPU.Build.0 = Debug|Any CPU
		{9AC11E7B-F840-4170-8656-B5FD438C4AF0}.Debug|x64.ActiveCfg = Debug|Any CPU
		{9AC11E7B-F840-4170-8656-B5FD438C4AF0}.Debug|x64.Build.0 = Debug|Any CPU
		{9AC11E7B-F840-4170-8656-B5FD438C4AF0}.Release|Any CPU.ActiveCfg = Release|Any CPU
		{9AC11E7B-F840-4170-8656-B5FD438C4AF0}.Release|Any CPU.Build.0 = Release|Any CPU
		{9AC11E7B-F840-4170-8656-B5FD438C4AF0}.Release|x64.ActiveCfg = Release|x64
		{9AC11E7B-F840-4170-8656-B5FD438C4AF0}.Release|x64.Build.0 = Release|x64
	EndGlobalSection
	GlobalSection(SolutionProperties) = preSolution
		HideSolutionNode = FALSE
	EndGlobalSection
	GlobalSection(ExtensibilityGlobals) = postSolution
		SolutionGuid = {38C46251-8EC3-4176-AD75-253B1D14BDEE}
	EndGlobalSection
EndGlobal
